
Microsoft Visual Studio Solution File, Format Version 12.00
# Visual Studio Version 17
VisualStudioVersion = 17.10.35122.118
MinimumVisualStudioVersion = 10.0.40219.1
Project("{8BC9CEB8-8B4A-11D0-8D11-00A0C91BC942}") = "doWhile", "doWhile\doWhile.vcxproj", "{12DE792D-59BC-483D-A62C-85D5A5D79232}"
EndProject
Global
	GlobalSection(SolutionConfigurationPlatforms) = preSolution
		Debug|x64 = Debug|x64
		Debug|x86 = Debug|x86
		Release|x64 = Release|x64
		Release|x86 = Release|x86
	EndGlobalSection
	GlobalSection(ProjectConfigurationPlatforms) = postSolution
		{12DE792D-59BC-483D-A62C-85D5A5D79232}.Debug|x64.ActiveCfg = Debug|x64
		{12DE792D-59BC-483D-A62C-85D5A5D79232}.Debug|x64.Build.0 = Debug|x64
		{12DE792D-59BC-483D-A62C-85D5A5D79232}.Debug|x86.ActiveCfg = Debug|Win32
		{12DE792D-59BC-483D-A62C-85D5A5D79232}.Debug|x86.Build.0 = Debug|Win32
		{12DE792D-59BC-483D-A62C-85D5A5D79232}.Release|x64.ActiveCfg = Release|x64
		{12DE792D-59BC-483D-A62C-85D5A5D79232}.Release|x64.Build.0 = Release|x64
		{12DE792D-59BC-483D-A62C-85D5A5D79232}.Release|x86.ActiveCfg = Release|Win32
		{12DE792D-59BC-483D-A62C-85D5A5D79232}.Release|x86.Build.0 = Release|Win32
	EndGlobalSection
	GlobalSection(SolutionProperties) = preSolution
		HideSolutionNode = FALSE
	EndGlobalSection
	GlobalSection(ExtensibilityGlobals) = postSolution
		SolutionGuid = {90F77F49-847C-40F1-941B-5D0618FA4BB3}
	EndGlobalSection
EndGlobal
